
Microsoft Visual Studio Solution File, Format Version 12.00
# Visual Studio Version 17
VisualStudioVersion = 17.14.36017.23
MinimumVisualStudioVersion = 10.0.40219.1
Project("{FAE04EC0-301F-11D3-BF4B-00C04F79EFBC}") = "nctLesson2", "nctLesson2\nctLesson2.csproj", "{45C3443D-31BF-4AF4-8895-9A58C686FF42}"
EndProject
Global
	GlobalSection(SolutionConfigurationPlatforms) = preSolution
		Debug|Any CPU = Debug|Any CPU
		Release|Any CPU = Release|Any CPU
	EndGlobalSection
	GlobalSection(ProjectConfigurationPlatforms) = postSolution
		{45C3443D-31BF-4AF4-8895-9A58C686FF42}.Debug|Any CPU.ActiveCfg = Debug|Any CPU
		{45C3443D-31BF-4AF4-8895-9A58C686FF42}.Debug|Any CPU.Build.0 = Debug|Any CPU
		{45C3443D-31BF-4AF4-8895-9A58C686FF42}.Release|Any CPU.ActiveCfg = Release|Any CPU
		{45C3443D-31BF-4AF4-8895-9A58C686FF42}.Release|Any CPU.Build.0 = Release|Any CPU
	EndGlobalSection
	GlobalSection(SolutionProperties) = preSolution
		HideSolutionNode = FALSE
	EndGlobalSection
	GlobalSection(ExtensibilityGlobals) = postSolution
		SolutionGuid = {329B588B-B3DF-4F85-935D-67D626E083C9}
	EndGlobalSection
EndGlobal
